
Microsoft Visual Studio Solution File, Format Version 12.00
# Visual Studio Version 17
VisualStudioVersion = 17.6.33723.286
MinimumVisualStudioVersion = 10.0.40219.1
Project("{FAE04EC0-301F-11D3-BF4B-00C04F79EFBC}") = "CustomKits", "CustomKits.csproj", "{49E8CF4C-3711-4360-AD96-82DCDFCC9A66}"
EndProject
Global
	GlobalSection(SolutionConfigurationPlatforms) = preSolution
		Debug|Any CPU = Debug|Any CPU
		Release|Any CPU = Release|Any CPU
	EndGlobalSection
	GlobalSection(ProjectConfigurationPlatforms) = postSolution
		{49E8CF4C-3711-4360-AD96-82DCDFCC9A66}.Debug|Any CPU.ActiveCfg = Debug|Any CPU
		{49E8CF4C-3711-4360-AD96-82DCDFCC9A66}.Debug|Any CPU.Build.0 = Debug|Any CPU
		{49E8CF4C-3711-4360-AD96-82DCDFCC9A66}.Release|Any CPU.ActiveCfg = Release|Any CPU
		{49E8CF4C-3711-4360-AD96-82DCDFCC9A66}.Release|Any CPU.Build.0 = Release|Any CPU
	EndGlobalSection
	GlobalSection(SolutionProperties) = preSolution
		HideSolutionNode = FALSE
	EndGlobalSection
	GlobalSection(ExtensibilityGlobals) = postSolution
		SolutionGuid = {29792BA9-143D-4BE2-84E6-CBA9B26CDD3D}
	EndGlobalSection
EndGlobal
